
Microsoft Visual Studio Solution File, Format Version 12.00
# Visual Studio 15
VisualStudioVersion = 15.0.26730.3
MinimumVisualStudioVersion = 10.0.40219.1
Project("{FAE04EC0-301F-11D3-BF4B-00C04F79EFBC}") = "SnkrBot", "SnkrBot\SnkrBot.csproj", "{A522A712-9F58-4EA7-B3DD-BB513F04DBF9}"
EndProject
Project("{FAE04EC0-301F-11D3-BF4B-00C04F79EFBC}") = "WebScraperService", "WebScraperService\WebScraperService.csproj", "{617E5070-F2B8-4408-B621-077721F0A5AB}"
EndProject
Global
	GlobalSection(SolutionConfigurationPlatforms) = preSolution
		Debug|Any CPU = Debug|Any CPU
		Release|Any CPU = Release|Any CPU
	EndGlobalSection
	GlobalSection(ProjectConfigurationPlatforms) = postSolution
		{A522A712-9F58-4EA7-B3DD-BB513F04DBF9}.Debug|Any CPU.ActiveCfg = Debug|Any CPU
		{A522A712-9F58-4EA7-B3DD-BB513F04DBF9}.Debug|Any CPU.Build.0 = Debug|Any CPU
		{A522A712-9F58-4EA7-B3DD-BB513F04DBF9}.Release|Any CPU.ActiveCfg = Release|Any CPU
		{A522A712-9F58-4EA7-B3DD-BB513F04DBF9}.Release|Any CPU.Build.0 = Release|Any CPU
		{617E5070-F2B8-4408-B621-077721F0A5AB}.Debug|Any CPU.ActiveCfg = Debug|Any CPU
		{617E5070-F2B8-4408-B621-077721F0A5AB}.Debug|Any CPU.Build.0 = Debug|Any CPU
		{617E5070-F2B8-4408-B621-077721F0A5AB}.Release|Any CPU.ActiveCfg = Release|Any CPU
		{617E5070-F2B8-4408-B621-077721F0A5AB}.Release|Any CPU.Build.0 = Release|Any CPU
	EndGlobalSection
	GlobalSection(SolutionProperties) = preSolution
		HideSolutionNode = FALSE
	EndGlobalSection
	GlobalSection(ExtensibilityGlobals) = postSolution
		SolutionGuid = {10C8217A-8EAD-4322-B748-C30F03F0D89C}
	EndGlobalSection
EndGlobal
